{
  "requires": true,
  "lockfileVersion": 1,
  "dependencies": {
    "cordova-plugin-geolocation": {
      "version": "4.0.1",
      "resolved": "https://registry.npmjs.org/cordova-plugin-geolocation/-/cordova-plugin-geolocation-4.0.1.tgz",
      "integrity": "sha1-RwP6ZJ0kBdJamnMsmev4aHVKLAQ="
    }
  }
}
